
Microsoft Visual Studio Solution File, Format Version 12.00
# Visual Studio Version 16
VisualStudioVersion = 16.0.31005.135
MinimumVisualStudioVersion = 10.0.40219.1
Project("{FAE04EC0-301F-11D3-BF4B-00C04F79EFBC}") = "IfProperty", "IfProperty\IfProperty.csproj", "{71645D1D-A830-4731-9FEB-DB82AFC03D3F}"
EndProject
Project("{FAE04EC0-301F-11D3-BF4B-00C04F79EFBC}") = "IfProperty.Tests", "IfProperty.Tests\IfProperty.Tests.csproj", "{92C4FB04-A87F-4693-8F0C-430F0DC5E927}"
EndProject
Global
	GlobalSection(SolutionConfigurationPlatforms) = preSolution
		Debug|Any CPU = Debug|Any CPU
		Release|Any CPU = Release|Any CPU
	EndGlobalSection
	GlobalSection(ProjectConfigurationPlatforms) = postSolution
		{71645D1D-A830-4731-9FEB-DB82AFC03D3F}.Debug|Any CPU.ActiveCfg = Debug|Any CPU
		{71645D1D-A830-4731-9FEB-DB82AFC03D3F}.Debug|Any CPU.Build.0 = Debug|Any CPU
		{71645D1D-A830-4731-9FEB-DB82AFC03D3F}.Release|Any CPU.ActiveCfg = Release|Any CPU
		{71645D1D-A830-4731-9FEB-DB82AFC03D3F}.Release|Any CPU.Build.0 = Release|Any CPU
		{92C4FB04-A87F-4693-8F0C-430F0DC5E927}.Debug|Any CPU.ActiveCfg = Debug|Any CPU
		{92C4FB04-A87F-4693-8F0C-430F0DC5E927}.Debug|Any CPU.Build.0 = Debug|Any CPU
		{92C4FB04-A87F-4693-8F0C-430F0DC5E927}.Release|Any CPU.ActiveCfg = Release|Any CPU
		{92C4FB04-A87F-4693-8F0C-430F0DC5E927}.Release|Any CPU.Build.0 = Release|Any CPU
	EndGlobalSection
	GlobalSection(SolutionProperties) = preSolution
		HideSolutionNode = FALSE
	EndGlobalSection
	GlobalSection(ExtensibilityGlobals) = postSolution
		SolutionGuid = {8217C378-D345-47C2-A777-EEFC158F22A0}
	EndGlobalSection
EndGlobal
